{
  "nodes": {
    "claude-desktop-extra": {
      "inputs": {
        "flake-utils": "flake-utils",
        "nixpkgs": "nixpkgs"
      },
      "locked": {
        "lastModified": 1785662631,
        "narHash": "sha256-M9eerHnOyG1QXQ9JOxRFj0eBU3ixV7WuznTgG4nfbF0=",
        "owner": "patrickjaja",
        "repo": "claude-desktop-extra",
        "rev": "55bb93d559e045736bd73742e9e63d238bde5ad3",
        "type": "github"
      },
      "original": {
        "owner": "patrickjaja",
        "repo": "claude-desktop-extra",
        "rev": "55bb93d559e045736bd73742e9e63d238bde5ad3",
        "type": "github"
      }
    },
    "flake-utils": {
      "inputs": {
        "systems": "systems"
      },
      "locked": {
        "lastModified": 1731533236,
        "narHash": "sha256-l0KFg5HjrsfsO/JpG+r7fRrqm12kzFHyUHqHCVpMMbI=",
        "owner": "numtide",
        "repo": "flake-utils",
        "rev": "11707dc2f618dd54ca8739b309ec4fc024de578b",
        "type": "github"
      },
      "original": {
        "owner": "numtide",
        "repo": "flake-utils",
        "type": "github"
      }
    },
    "home-manager": {
      "inputs": {
        "nixpkgs": [
          "nixpkgs"
        ]
      },
      "locked": {
        "lastModified": 1783740085,
        "narHash": "sha256-qajyHfZY29G2oEQk+uHxmsJcRoBUBXP9maTpFlwP/dI=",
        "owner": "nix-community",
        "repo": "home-manager",
        "rev": "3cd22efe6471dc7365c822bd9ad73a21e55f38fb",
        "type": "github"
      },
      "original": {
        "owner": "nix-community",
        "ref": "release-26.05",
        "repo": "home-manager",
        "type": "github"
      }
    },
    "nixpkgs": {
      "locked": {
        "lastModified": 1785571196,
        "narHash": "sha256-KoTsyMQqnXQZq8deCEnu4QkyldkwH/bpMMhUcfMdGIw=",
        "owner": "NixOS",
        "repo": "nixpkgs",
        "rev": "148bab9c1c3c53136ecb44a6ea356a0ed5b39b06",
        "type": "github"
      },
      "original": {
        "owner": "NixOS",
        "ref": "nixos-unstable",
        "repo": "nixpkgs",
        "type": "github"
      }
    },
    "nixpkgs_2": {
      "locked": {
        "lastModified": 1783703440,
        "narHash": "sha256-O3/YajjWo001VUIgD8BwaRdSNLUFe7nZ1qV5TwhRBcw=",
        "owner": "nixos",
        "repo": "nixpkgs",
        "rev": "8f0500b9660505dc3cb647775fe9a978a74b5283",
        "type": "github"
      },
      "original": {
        "owner": "nixos",
        "repo": "nixpkgs",
        "rev": "8f0500b9660505dc3cb647775fe9a978a74b5283",
        "type": "github"
      }
    },
    "root": {
      "inputs": {
        "claude-desktop-extra": "claude-desktop-extra",
        "home-manager": "home-manager",
        "nixpkgs": "nixpkgs_2",
        "zen-browser": "zen-browser"
      }
    },
    "systems": {
      "locked": {
        "lastModified": 1681028828,
        "narHash": "sha256-Vy1rq5AaRuLzOxct8nz4T6wlgyUR7zLU309k9mBC768=",
        "owner": "nix-systems",
        "repo": "default",
        "rev": "da67096a3b9bf56a91d16901293e51ba5b49a27e",
        "type": "github"
      },
      "original": {
        "owner": "nix-systems",
        "repo": "default",
        "type": "github"
      }
    },
    "zen-browser": {
      "inputs": {
        "home-manager": [
          "home-manager"
        ],
        "nixpkgs": [
          "nixpkgs"
        ]
      },
      "locked": {
        "lastModified": 1783866614,
        "narHash": "sha256-o2h5BfVz9MPIERBPVHtvQGilphtNn5+cCuqqfY5Lkq8=",
        "owner": "0xc000022070",
        "repo": "zen-browser-flake",
        "rev": "51602966429e8ccae61324e56b51c37308d1b64e",
        "type": "github"
      },
      "original": {
        "owner": "0xc000022070",
        "repo": "zen-browser-flake",
        "rev": "51602966429e8ccae61324e56b51c37308d1b64e",
        "type": "github"
      }
    }
  },
  "root": "root",
  "version": 7
}
